
Microsoft Visual Studio Solution File, Format Version 12.00
# Visual Studio Version 17
VisualStudioVersion = 17.0.32112.339
MinimumVisualStudioVersion = 10.0.40219.1
Project("{9A19103F-16F7-4668-BE54-9A1E7A4F7556}") = "MeasurementUI", "MeasurementUI\MeasurementUI.csproj", "{20CE360C-E59B-4BDE-BBCD-E2A5218305EB}"
EndProject
Project("{9A19103F-16F7-4668-BE54-9A1E7A4F7556}") = "MeasurementUI.Controls", "MeasurementUI.Controls\MeasurementUI.Controls.csproj", "{71F4872C-AA39-4FF3-A1E7-6C1BEBE040B4}"
EndProject
Project("{9A19103F-16F7-4668-BE54-9A1E7A4F7556}") = "MeasurementUI.Core", "MeasurementUI.Core\MeasurementUI.Core.csproj", "{3102A736-5571-48AE-A422-D5086539C569}"
EndProject
Project("{9A19103F-16F7-4668-BE54-9A1E7A4F7556}") = "StageControl", "StageControl\StageControl.csproj", "{F380922A-7890-4FBA-BF86-B62DEB769C13}"
EndProject
Project("{9A19103F-16F7-4668-BE54-9A1E7A4F7556}") = "StageControlTester", "StageControlTester\StageControlTester.csproj", "{D15910B6-6F7A-4E99-A80F-2993FF229F0A}"
EndProject
Project("{2150E333-8FDC-42A3-9474-1A3956D46DE8}") = "Solution Items", "Solution Items", "{2AD3E430-F5B2-4947-8323-2B6C0849792F}"
	ProjectSection(SolutionItems) = preProject
		.editorconfig = .editorconfig
	EndProjectSection
EndProject
Project("{9A19103F-16F7-4668-BE54-9A1E7A4F7556}") = "MeasurementUI.BusinessLogic", "MeasurementUI.BusinessLogic\MeasurementUI.BusinessLogic.csproj", "{C0A7993C-5182-43E4-8CBF-EA0DB76A58CF}"
EndProject
Global
	GlobalSection(SolutionConfigurationPlatforms) = preSolution
		Debug|Any CPU = Debug|Any CPU
		Release|Any CPU = Release|Any CPU
	EndGlobalSection
	GlobalSection(ProjectConfigurationPlatforms) = postSolution
		{20CE360C-E59B-4BDE-BBCD-E2A5218305EB}.Debug|Any CPU.ActiveCfg = Debug|Any CPU
		{20CE360C-E59B-4BDE-BBCD-E2A5218305EB}.Debug|Any CPU.Build.0 = Debug|Any CPU
		{20CE360C-E59B-4BDE-BBCD-E2A5218305EB}.Release|Any CPU.ActiveCfg = Release|Any CPU
		{20CE360C-E59B-4BDE-BBCD-E2A5218305EB}.Release|Any CPU.Build.0 = Release|Any CPU
		{71F4872C-AA39-4FF3-A1E7-6C1BEBE040B4}.Debug|Any CPU.ActiveCfg = Debug|Any CPU
		{71F4872C-AA39-4FF3-A1E7-6C1BEBE040B4}.Debug|Any CPU.Build.0 = Debug|Any CPU
		{71F4872C-AA39-4FF3-A1E7-6C1BEBE040B4}.Release|Any CPU.ActiveCfg = Release|Any CPU
		{71F4872C-AA39-4FF3-A1E7-6C1BEBE040B4}.Release|Any CPU.Build.0 = Release|Any CPU
		{3102A736-5571-48AE-A422-D5086539C569}.Debug|Any CPU.ActiveCfg = Debug|Any CPU
		{3102A736-5571-48AE-A422-D5086539C569}.Debug|Any CPU.Build.0 = Debug|Any CPU
		{3102A736-5571-48AE-A422-D5086539C569}.Release|Any CPU.ActiveCfg = Release|Any CPU
		{3102A736-5571-48AE-A422-D5086539C569}.Release|Any CPU.Build.0 = Release|Any CPU
		{F380922A-7890-4FBA-BF86-B62DEB769C13}.Debug|Any CPU.ActiveCfg = Debug|Any CPU
		{F380922A-7890-4FBA-BF86-B62DEB769C13}.Debug|Any CPU.Build.0 = Debug|Any CPU
		{F380922A-7890-4FBA-BF86-B62DEB769C13}.Release|Any CPU.ActiveCfg = Release|Any CPU
		{F380922A-7890-4FBA-BF86-B62DEB769C13}.Release|Any CPU.Build.0 = Release|Any CPU
		{D15910B6-6F7A-4E99-A80F-2993FF229F0A}.Debug|Any CPU.ActiveCfg = Debug|Any CPU
		{D15910B6-6F7A-4E99-A80F-2993FF229F0A}.Debug|Any CPU.Build.0 = Debug|Any CPU
		{D15910B6-6F7A-4E99-A80F-2993FF229F0A}.Release|Any CPU.ActiveCfg = Release|Any CPU
		{D15910B6-6F7A-4E99-A80F-2993FF229F0A}.Release|Any CPU.Build.0 = Release|Any CPU
		{C0A7993C-5182-43E4-8CBF-EA0DB76A58CF}.Debug|Any CPU.ActiveCfg = Debug|Any CPU
		{C0A7993C-5182-43E4-8CBF-EA0DB76A58CF}.Debug|Any CPU.Build.0 = Debug|Any CPU
		{C0A7993C-5182-43E4-8CBF-EA0DB76A58CF}.Release|Any CPU.ActiveCfg = Release|Any CPU
		{C0A7993C-5182-43E4-8CBF-EA0DB76A58CF}.Release|Any CPU.Build.0 = Release|Any CPU
	EndGlobalSection
	GlobalSection(SolutionProperties) = preSolution
		HideSolutionNode = FALSE
	EndGlobalSection
	GlobalSection(ExtensibilityGlobals) = postSolution
		SolutionGuid = {E1951A2D-AAD2-466D-9698-BBC9BA16857C}
	EndGlobalSection
EndGlobal
