
Microsoft Visual Studio Solution File, Format Version 12.00
# Visual Studio Version 17
VisualStudioVersion = 17.2.32516.85
MinimumVisualStudioVersion = 10.0.40219.1
Project("{9A19103F-16F7-4668-BE54-9A1E7A4F7556}") = "MeasurementApp", "MeasurementApp\MeasurementApp.csproj", "{6FE54D8E-E4FF-470B-A2A1-B611EA8ED623}"
EndProject
Project("{9A19103F-16F7-4668-BE54-9A1E7A4F7556}") = "MeasurementApp.Core", "MeasurementApp.Core\MeasurementApp.Core.csproj", "{E660053B-6488-4126-8467-11531ED141A4}"
EndProject
Project("{9A19103F-16F7-4668-BE54-9A1E7A4F7556}") = "StageControl", "StageControl\StageControl.csproj", "{7DF65181-AA44-4AEC-9555-1EB32E11C122}"
EndProject
Project("{2150E333-8FDC-42A3-9474-1A3956D46DE8}") = "Solution Items", "Solution Items", "{7EE65809-7429-47FB-ADD9-8EDE27F15837}"
	ProjectSection(SolutionItems) = preProject
		.editorconfig = .editorconfig
	EndProjectSection
EndProject
Project("{9A19103F-16F7-4668-BE54-9A1E7A4F7556}") = "DAQ", "DAQ\DAQ.csproj", "{9AEA3D20-B284-4E91-8B2A-5B16EC35D78C}"
EndProject
Project("{9A19103F-16F7-4668-BE54-9A1E7A4F7556}") = "MeasurementApp.BusinessLogic", "MeasurementApp.BusinessLogic\MeasurementApp.BusinessLogic.csproj", "{F0EBAA6C-E8DB-4C90-8608-B464D0C1265A}"
EndProject
Global
	GlobalSection(SolutionConfigurationPlatforms) = preSolution
		Debug|Any CPU = Debug|Any CPU
		Debug|arm64 = Debug|arm64
		Debug|x64 = Debug|x64
		Debug|x86 = Debug|x86
		Release|Any CPU = Release|Any CPU
		Release|arm64 = Release|arm64
		Release|x64 = Release|x64
		Release|x86 = Release|x86
	EndGlobalSection
	GlobalSection(ProjectConfigurationPlatforms) = postSolution
		{6FE54D8E-E4FF-470B-A2A1-B611EA8ED623}.Debug|Any CPU.ActiveCfg = Debug|x64
		{6FE54D8E-E4FF-470B-A2A1-B611EA8ED623}.Debug|Any CPU.Build.0 = Debug|x64
		{6FE54D8E-E4FF-470B-A2A1-B611EA8ED623}.Debug|Any CPU.Deploy.0 = Debug|x64
		{6FE54D8E-E4FF-470B-A2A1-B611EA8ED623}.Debug|arm64.ActiveCfg = Debug|arm64
		{6FE54D8E-E4FF-470B-A2A1-B611EA8ED623}.Debug|arm64.Build.0 = Debug|arm64
		{6FE54D8E-E4FF-470B-A2A1-B611EA8ED623}.Debug|arm64.Deploy.0 = Debug|arm64
		{6FE54D8E-E4FF-470B-A2A1-B611EA8ED623}.Debug|x64.ActiveCfg = Debug|x64
		{6FE54D8E-E4FF-470B-A2A1-B611EA8ED623}.Debug|x64.Build.0 = Debug|x64
		{6FE54D8E-E4FF-470B-A2A1-B611EA8ED623}.Debug|x86.ActiveCfg = Debug|x86
		{6FE54D8E-E4FF-470B-A2A1-B611EA8ED623}.Debug|x86.Build.0 = Debug|x86
		{6FE54D8E-E4FF-470B-A2A1-B611EA8ED623}.Release|Any CPU.ActiveCfg = Release|x64
		{6FE54D8E-E4FF-470B-A2A1-B611EA8ED623}.Release|Any CPU.Build.0 = Release|x64
		{6FE54D8E-E4FF-470B-A2A1-B611EA8ED623}.Release|Any CPU.Deploy.0 = Release|x64
		{6FE54D8E-E4FF-470B-A2A1-B611EA8ED623}.Release|arm64.ActiveCfg = Release|arm64
		{6FE54D8E-E4FF-470B-A2A1-B611EA8ED623}.Release|arm64.Build.0 = Release|arm64
		{6FE54D8E-E4FF-470B-A2A1-B611EA8ED623}.Release|arm64.Deploy.0 = Release|arm64
		{6FE54D8E-E4FF-470B-A2A1-B611EA8ED623}.Release|x64.ActiveCfg = Release|x64
		{6FE54D8E-E4FF-470B-A2A1-B611EA8ED623}.Release|x64.Build.0 = Release|x64
		{6FE54D8E-E4FF-470B-A2A1-B611EA8ED623}.Release|x64.Deploy.0 = Release|x64
		{6FE54D8E-E4FF-470B-A2A1-B611EA8ED623}.Release|x86.ActiveCfg = Release|x86
		{6FE54D8E-E4FF-470B-A2A1-B611EA8ED623}.Release|x86.Build.0 = Release|x86
		{E660053B-6488-4126-8467-11531ED141A4}.Debug|Any CPU.ActiveCfg = Debug|Any CPU
		{E660053B-6488-4126-8467-11531ED141A4}.Debug|Any CPU.Build.0 = Debug|Any CPU
		{E660053B-6488-4126-8467-11531ED141A4}.Debug|arm64.ActiveCfg = Debug|arm64
		{E660053B-6488-4126-8467-11531ED141A4}.Debug|arm64.Build.0 = Debug|arm64
		{E660053B-6488-4126-8467-11531ED141A4}.Debug|x64.ActiveCfg = Debug|x64
		{E660053B-6488-4126-8467-11531ED141A4}.Debug|x64.Build.0 = Debug|x64
		{E660053B-6488-4126-8467-11531ED141A4}.Debug|x86.ActiveCfg = Debug|x86
		{E660053B-6488-4126-8467-11531ED141A4}.Debug|x86.Build.0 = Debug|x86
		{E660053B-6488-4126-8467-11531ED141A4}.Release|Any CPU.ActiveCfg = Release|Any CPU
		{E660053B-6488-4126-8467-11531ED141A4}.Release|Any CPU.Build.0 = Release|Any CPU
		{E660053B-6488-4126-8467-11531ED141A4}.Release|arm64.ActiveCfg = Release|arm64
		{E660053B-6488-4126-8467-11531ED141A4}.Release|arm64.Build.0 = Release|arm64
		{E660053B-6488-4126-8467-11531ED141A4}.Release|x64.ActiveCfg = Release|x64
		{E660053B-6488-4126-8467-11531ED141A4}.Release|x64.Build.0 = Release|x64
		{E660053B-6488-4126-8467-11531ED141A4}.Release|x86.ActiveCfg = Release|x86
		{E660053B-6488-4126-8467-11531ED141A4}.Release|x86.Build.0 = Release|x86
		{7DF65181-AA44-4AEC-9555-1EB32E11C122}.Debug|Any CPU.ActiveCfg = Debug|Any CPU
		{7DF65181-AA44-4AEC-9555-1EB32E11C122}.Debug|Any CPU.Build.0 = Debug|Any CPU
		{7DF65181-AA44-4AEC-9555-1EB32E11C122}.Debug|arm64.ActiveCfg = Debug|Any CPU
		{7DF65181-AA44-4AEC-9555-1EB32E11C122}.Debug|arm64.Build.0 = Debug|Any CPU
		{7DF65181-AA44-4AEC-9555-1EB32E11C122}.Debug|x64.ActiveCfg = Debug|x64
		{7DF65181-AA44-4AEC-9555-1EB32E11C122}.Debug|x64.Build.0 = Debug|x64
		{7DF65181-AA44-4AEC-9555-1EB32E11C122}.Debug|x86.ActiveCfg = Debug|x86
		{7DF65181-AA44-4AEC-9555-1EB32E11C122}.Debug|x86.Build.0 = Debug|x86
		{7DF65181-AA44-4AEC-9555-1EB32E11C122}.Release|Any CPU.ActiveCfg = Release|Any CPU
		{7DF65181-AA44-4AEC-9555-1EB32E11C122}.Release|Any CPU.Build.0 = Release|Any CPU
		{7DF65181-AA44-4AEC-9555-1EB32E11C122}.Release|arm64.ActiveCfg = Release|Any CPU
		{7DF65181-AA44-4AEC-9555-1EB32E11C122}.Release|arm64.Build.0 = Release|Any CPU
		{7DF65181-AA44-4AEC-9555-1EB32E11C122}.Release|x64.ActiveCfg = Release|x64
		{7DF65181-AA44-4AEC-9555-1EB32E11C122}.Release|x64.Build.0 = Release|x64
		{7DF65181-AA44-4AEC-9555-1EB32E11C122}.Release|x86.ActiveCfg = Release|x86
		{7DF65181-AA44-4AEC-9555-1EB32E11C122}.Release|x86.Build.0 = Release|x86
		{9AEA3D20-B284-4E91-8B2A-5B16EC35D78C}.Debug|Any CPU.ActiveCfg = Debug|Any CPU
		{9AEA3D20-B284-4E91-8B2A-5B16EC35D78C}.Debug|Any CPU.Build.0 = Debug|Any CPU
		{9AEA3D20-B284-4E91-8B2A-5B16EC35D78C}.Debug|arm64.ActiveCfg = Debug|Any CPU
		{9AEA3D20-B284-4E91-8B2A-5B16EC35D78C}.Debug|arm64.Build.0 = Debug|Any CPU
		{9AEA3D20-B284-4E91-8B2A-5B16EC35D78C}.Debug|x64.ActiveCfg = Debug|x64
		{9AEA3D20-B284-4E91-8B2A-5B16EC35D78C}.Debug|x64.Build.0 = Debug|x64
		{9AEA3D20-B284-4E91-8B2A-5B16EC35D78C}.Debug|x86.ActiveCfg = Debug|x86
		{9AEA3D20-B284-4E91-8B2A-5B16EC35D78C}.Debug|x86.Build.0 = Debug|x86
		{9AEA3D20-B284-4E91-8B2A-5B16EC35D78C}.Release|Any CPU.ActiveCfg = Release|Any CPU
		{9AEA3D20-B284-4E91-8B2A-5B16EC35D78C}.Release|Any CPU.Build.0 = Release|Any CPU
		{9AEA3D20-B284-4E91-8B2A-5B16EC35D78C}.Release|arm64.ActiveCfg = Release|Any CPU
		{9AEA3D20-B284-4E91-8B2A-5B16EC35D78C}.Release|arm64.Build.0 = Release|Any CPU
		{9AEA3D20-B284-4E91-8B2A-5B16EC35D78C}.Release|x64.ActiveCfg = Release|x64
		{9AEA3D20-B284-4E91-8B2A-5B16EC35D78C}.Release|x64.Build.0 = Release|x64
		{9AEA3D20-B284-4E91-8B2A-5B16EC35D78C}.Release|x86.ActiveCfg = Release|x86
		{9AEA3D20-B284-4E91-8B2A-5B16EC35D78C}.Release|x86.Build.0 = Release|x86
		{F0EBAA6C-E8DB-4C90-8608-B464D0C1265A}.Debug|Any CPU.ActiveCfg = Debug|Any CPU
		{F0EBAA6C-E8DB-4C90-8608-B464D0C1265A}.Debug|Any CPU.Build.0 = Debug|Any CPU
		{F0EBAA6C-E8DB-4C90-8608-B464D0C1265A}.Debug|arm64.ActiveCfg = Debug|Any CPU
		{F0EBAA6C-E8DB-4C90-8608-B464D0C1265A}.Debug|arm64.Build.0 = Debug|Any CPU
		{F0EBAA6C-E8DB-4C90-8608-B464D0C1265A}.Debug|x64.ActiveCfg = Debug|x64
		{F0EBAA6C-E8DB-4C90-8608-B464D0C1265A}.Debug|x64.Build.0 = Debug|x64
		{F0EBAA6C-E8DB-4C90-8608-B464D0C1265A}.Debug|x86.ActiveCfg = Debug|x86
		{F0EBAA6C-E8DB-4C90-8608-B464D0C1265A}.Debug|x86.Build.0 = Debug|x86
		{F0EBAA6C-E8DB-4C90-8608-B464D0C1265A}.Release|Any CPU.ActiveCfg = Release|Any CPU
		{F0EBAA6C-E8DB-4C90-8608-B464D0C1265A}.Release|Any CPU.Build.0 = Release|Any CPU
		{F0EBAA6C-E8DB-4C90-8608-B464D0C1265A}.Release|arm64.ActiveCfg = Release|Any CPU
		{F0EBAA6C-E8DB-4C90-8608-B464D0C1265A}.Release|arm64.Build.0 = Release|Any CPU
		{F0EBAA6C-E8DB-4C90-8608-B464D0C1265A}.Release|x64.ActiveCfg = Release|x64
		{F0EBAA6C-E8DB-4C90-8608-B464D0C1265A}.Release|x64.Build.0 = Release|x64
		{F0EBAA6C-E8DB-4C90-8608-B464D0C1265A}.Release|x86.ActiveCfg = Release|x86
		{F0EBAA6C-E8DB-4C90-8608-B464D0C1265A}.Release|x86.Build.0 = Release|x86
	EndGlobalSection
	GlobalSection(SolutionProperties) = preSolution
		HideSolutionNode = FALSE
	EndGlobalSection
	GlobalSection(ExtensibilityGlobals) = postSolution
		SolutionGuid = {5256D9BD-4018-4C28-BD06-A628E104CBD3}
	EndGlobalSection
EndGlobal
